// !$*UTF8*$!
{
	archiveVersion = 1;
	classes = {
	};
	objectVersion = 51;
	objects = {

/* Begin PBXBuildFile section */
		70D51FC59FE3BC3D50EC4A15 /* Pods_OpenWeatherNAB.framework in Frameworks */ = {isa = PBXBuildFile; fileRef = 3B9658662F6727C58B807ABD /* Pods_OpenWeatherNAB.framework */; };
		FC128F7E24A0B5D500B0CEF7 /* UpcomingWeekForecastTests.swift in Sources */ = {isa = PBXBuildFile; fileRef = FC128F7D24A0B5D500B0CEF7 /* UpcomingWeekForecastTests.swift */; };
		FC3BB899249E53E800EDEC94 /* NetworkProvider.swift in Sources */ = {isa = PBXBuildFile; fileRef = FC3BB898249E53E800EDEC94 /* NetworkProvider.swift */; };
		FC3BB89B249E545700EDEC94 /* ForecastNetwork.swift in Sources */ = {isa = PBXBuildFile; fileRef = FC3BB89A249E545700EDEC94 /* ForecastNetwork.swift */; };
		FC3BB8A4249E59D300EDEC94 /* Network.swift in Sources */ = {isa = PBXBuildFile; fileRef = FC3BB8A3249E59D300EDEC94 /* Network.swift */; };
		FC3BB8A7249E5E5000EDEC94 /* NetworkUseCaseProvider.swift in Sources */ = {isa = PBXBuildFile; fileRef = FC3BB8A6249E5E5000EDEC94 /* NetworkUseCaseProvider.swift */; };
		FC3BB8AA249E5EC300EDEC94 /* ForecastUseCase.swift in Sources */ = {isa = PBXBuildFile; fileRef = FC3BB8A9249E5EC300EDEC94 /* ForecastUseCase.swift */; };
		FC3BB8AC249E614200EDEC94 /* NetworkForecastUseCase.swift in Sources */ = {isa = PBXBuildFile; fileRef = FC3BB8AB249E614200EDEC94 /* NetworkForecastUseCase.swift */; };
		FC3BB8AF249E63FF00EDEC94 /* ViewModelType.swift in Sources */ = {isa = PBXBuildFile; fileRef = FC3BB8AE249E63FF00EDEC94 /* ViewModelType.swift */; };
		FC3BB8B1249E64FC00EDEC94 /* UpcomingWeekForecastViewModel.swift in Sources */ = {isa = PBXBuildFile; fileRef = FC3BB8B0249E64FC00EDEC94 /* UpcomingWeekForecastViewModel.swift */; };
		FC3BB8B4249E6A7600EDEC94 /* Observable+Ext.swift in Sources */ = {isa = PBXBuildFile; fileRef = FC3BB8B3249E6A7600EDEC94 /* Observable+Ext.swift */; };
		FC3BB8B6249E701C00EDEC94 /* UseCaseProvider.swift in Sources */ = {isa = PBXBuildFile; fileRef = FC3BB8B5249E701C00EDEC94 /* UseCaseProvider.swift */; };
		FC3BB8B8249E89CD00EDEC94 /* UpcomingWeekForecastNavigator.swift in Sources */ = {isa = PBXBuildFile; fileRef = FC3BB8B7249E89CD00EDEC94 /* UpcomingWeekForecastNavigator.swift */; };
		FC3BB8BA249EB2A800EDEC94 /* ForecastItemModel.swift in Sources */ = {isa = PBXBuildFile; fileRef = FC3BB8B9249EB2A800EDEC94 /* ForecastItemModel.swift */; };
		FC3BB8C3249FAD3E00EDEC94 /* WeekForecastData.swift in Sources */ = {isa = PBXBuildFile; fileRef = FC3BB8C2249FAD3E00EDEC94 /* WeekForecastData.swift */; };
		FC3BB8C5249FADA000EDEC94 /* Forecast.swift in Sources */ = {isa = PBXBuildFile; fileRef = FC3BB8C4249FADA000EDEC94 /* Forecast.swift */; };
		FC489AF6249E05C500E4245C /* AppDelegate.swift in Sources */ = {isa = PBXBuildFile; fileRef = FC489AF5249E05C500E4245C /* AppDelegate.swift */; };
		FC489AF8249E05C500E4245C /* SceneDelegate.swift in Sources */ = {isa = PBXBuildFile; fileRef = FC489AF7249E05C500E4245C /* SceneDelegate.swift */; };
		FC489AFA249E05C500E4245C /* UpcomingWeekForecastViewController.swift in Sources */ = {isa = PBXBuildFile; fileRef = FC489AF9249E05C500E4245C /* UpcomingWeekForecastViewController.swift */; };
		FC489AFD249E05C500E4245C /* Main.storyboard in Resources */ = {isa = PBXBuildFile; fileRef = FC489AFB249E05C500E4245C /* Main.storyboard */; };
		FC489AFF249E05C600E4245C /* Assets.xcassets in Resources */ = {isa = PBXBuildFile; fileRef = FC489AFE249E05C600E4245C /* Assets.xcassets */; };
		FC489B02249E05C600E4245C /* LaunchScreen.storyboard in Resources */ = {isa = PBXBuildFile; fileRef = FC489B00249E05C600E4245C /* LaunchScreen.storyboard */; };
		FC489B19249E064F00E4245C /* Application.swift in Sources */ = {isa = PBXBuildFile; fileRef = FC489B18249E064F00E4245C /* Application.swift */; };
		FC489B1E249E0E9D00E4245C /* UpcommingWeekForecastTableViewCell.swift in Sources */ = {isa = PBXBuildFile; fileRef = FC489B1D249E0E9D00E4245C /* UpcommingWeekForecastTableViewCell.swift */; };
		FCAE01AD24A38B27007CB867 /* Cache.swift in Sources */ = {isa = PBXBuildFile; fileRef = FCAE01AC24A38B27007CB867 /* Cache.swift */; };
		FCD1617D24A2AC9100357D63 /* ApiError.swift in Sources */ = {isa = PBXBuildFile; fileRef = FCD1617C24A2AC9100357D63 /* ApiError.swift */; };
		FCD1617F24A2B70D00357D63 /* ForecastItemModelTests.swift in Sources */ = {isa = PBXBuildFile; fileRef = FCD1617E24A2B70D00357D63 /* ForecastItemModelTests.swift */; };
		FF0FB9AE59B472596A6B2C86 /* Pods_OpenWeatherNABTests.framework in Frameworks */ = {isa = PBXBuildFile; fileRef = 945D5C64FF1417F0A58B821C /* Pods_OpenWeatherNABTests.framework */; };
/* End PBXBuildFile section */

/* Begin PBXContainerItemProxy section */
		FC489B09249E05C600E4245C /* PBXContainerItemProxy */ = {
			isa = PBXContainerItemProxy;
			containerPortal = FC489AEA249E05C500E4245C /* Project object */;
			proxyType = 1;
			remoteGlobalIDString = FC489AF1249E05C500E4245C;
			remoteInfo = OpenWeatherNAB;
		};
/* End PBXContainerItemProxy section */

/* Begin PBXFileReference section */
		27130E1DB9EE954DF7C1D722 /* Pods-OpenWeatherNAB-OpenWeatherNABTests.debug.xcconfig */ = {isa = PBXFileReference; includeInIndex = 1; lastKnownFileType = text.xcconfig; name = "Pods-OpenWeatherNAB-OpenWeatherNABTests.debug.xcconfig"; path = "Target Support Files/Pods-OpenWeatherNAB-OpenWeatherNABTests/Pods-OpenWeatherNAB-OpenWeatherNABTests.debug.xcconfig"; sourceTree = "<group>"; };
		3B9658662F6727C58B807ABD /* Pods_OpenWeatherNAB.framework */ = {isa = PBXFileReference; explicitFileType = wrapper.framework; includeInIndex = 0; path = Pods_OpenWeatherNAB.framework; sourceTree = BUILT_PRODUCTS_DIR; };
		6C04FEF2DF89DDDAA8EAF03E /* Pods-OpenWeatherNABTests.debug.xcconfig */ = {isa = PBXFileReference; includeInIndex = 1; lastKnownFileType = text.xcconfig; name = "Pods-OpenWeatherNABTests.debug.xcconfig"; path = "Target Support Files/Pods-OpenWeatherNABTests/Pods-OpenWeatherNABTests.debug.xcconfig"; sourceTree = "<group>"; };
		8FC4D922E5E4DF5ADFF7CC13 /* Pods-OpenWeatherNAB.debug.xcconfig */ = {isa = PBXFileReference; includeInIndex = 1; lastKnownFileType = text.xcconfig; name = "Pods-OpenWeatherNAB.debug.xcconfig"; path = "Target Support Files/Pods-OpenWeatherNAB/Pods-OpenWeatherNAB.debug.xcconfig"; sourceTree = "<group>"; };
		945D5C64FF1417F0A58B821C /* Pods_OpenWeatherNABTests.framework */ = {isa = PBXFileReference; explicitFileType = wrapper.framework; includeInIndex = 0; path = Pods_OpenWeatherNABTests.framework; sourceTree = BUILT_PRODUCTS_DIR; };
		B0E9066AFB49D8EC74CCF6E0 /* Pods-OpenWeatherNAB-OpenWeatherNABTests.release.xcconfig */ = {isa = PBXFileReference; includeInIndex = 1; lastKnownFileType = text.xcconfig; name = "Pods-OpenWeatherNAB-OpenWeatherNABTests.release.xcconfig"; path = "Target Support Files/Pods-OpenWeatherNAB-OpenWeatherNABTests/Pods-OpenWeatherNAB-OpenWeatherNABTests.release.xcconfig"; sourceTree = "<group>"; };
		FC128F7D24A0B5D500B0CEF7 /* UpcomingWeekForecastTests.swift */ = {isa = PBXFileReference; lastKnownFileType = sourcecode.swift; path = UpcomingWeekForecastTests.swift; sourceTree = "<group>"; };
		FC356EB1C27CBBCD9E1AFA12 /* Pods-OpenWeatherNABTests.release.xcconfig */ = {isa = PBXFileReference; includeInIndex = 1; lastKnownFileType = text.xcconfig; name = "Pods-OpenWeatherNABTests.release.xcconfig"; path = "Target Support Files/Pods-OpenWeatherNABTests/Pods-OpenWeatherNABTests.release.xcconfig"; sourceTree = "<group>"; };
		FC3BB898249E53E800EDEC94 /* NetworkProvider.swift */ = {isa = PBXFileReference; lastKnownFileType = sourcecode.swift; path = NetworkProvider.swift; sourceTree = "<group>"; };
		FC3BB89A249E545700EDEC94 /* ForecastNetwork.swift */ = {isa = PBXFileReference; lastKnownFileType = sourcecode.swift; path = ForecastNetwork.swift; sourceTree = "<group>"; };
		FC3BB8A3249E59D300EDEC94 /* Network.swift */ = {isa = PBXFileReference; lastKnownFileType = sourcecode.swift; path = Network.swift; sourceTree = "<group>"; };
		FC3BB8A6249E5E5000EDEC94 /* NetworkUseCaseProvider.swift */ = {isa = PBXFileReference; lastKnownFileType = sourcecode.swift; path = NetworkUseCaseProvider.swift; sourceTree = "<group>"; };
		FC3BB8A9249E5EC300EDEC94 /* ForecastUseCase.swift */ = {isa = PBXFileReference; lastKnownFileType = sourcecode.swift; path = ForecastUseCase.swift; sourceTree = "<group>"; };
		FC3BB8AB249E614200EDEC94 /* NetworkForecastUseCase.swift */ = {isa = PBXFileReference; lastKnownFileType = sourcecode.swift; path = NetworkForecastUseCase.swift; sourceTree = "<group>"; };
		FC3BB8AE249E63FF00EDEC94 /* ViewModelType.swift */ = {isa = PBXFileReference; lastKnownFileType = sourcecode.swift; path = ViewModelType.swift; sourceTree = "<group>"; };
		FC3BB8B0249E64FC00EDEC94 /* UpcomingWeekForecastViewModel.swift */ = {isa = PBXFileReference; lastKnownFileType = sourcecode.swift; path = UpcomingWeekForecastViewModel.swift; sourceTree = "<group>"; };
		FC3BB8B3249E6A7600EDEC94 /* Observable+Ext.swift */ = {isa = PBXFileReference; lastKnownFileType = sourcecode.swift; path = "Observable+Ext.swift"; sourceTree = "<group>"; };
		FC3BB8B5249E701C00EDEC94 /* UseCaseProvider.swift */ = {isa = PBXFileReference; lastKnownFileType = sourcecode.swift; path = UseCaseProvider.swift; sourceTree = "<group>"; };
		FC3BB8B7249E89CD00EDEC94 /* UpcomingWeekForecastNavigator.swift */ = {isa = PBXFileReference; lastKnownFileType = sourcecode.swift; path = UpcomingWeekForecastNavigator.swift; sourceTree = "<group>"; };
		FC3BB8B9249EB2A800EDEC94 /* ForecastItemModel.swift */ = {isa = PBXFileReference; lastKnownFileType = sourcecode.swift; path = ForecastItemModel.swift; sourceTree = "<group>"; };
		FC3BB8C2249FAD3E00EDEC94 /* WeekForecastData.swift */ = {isa = PBXFileReference; lastKnownFileType = sourcecode.swift; path = WeekForecastData.swift; sourceTree = "<group>"; };
		FC3BB8C4249FADA000EDEC94 /* Forecast.swift */ = {isa = PBXFileReference; lastKnownFileType = sourcecode.swift; path = Forecast.swift; sourceTree = "<group>"; };
		FC489AF2249E05C500E4245C /* OpenWeatherNAB.app */ = {isa = PBXFileReference; explicitFileType = wrapper.application; includeInIndex = 0; path = OpenWeatherNAB.app; sourceTree = BUILT_PRODUCTS_DIR; };
		FC489AF5249E05C500E4245C /* AppDelegate.swift */ = {isa = PBXFileReference; lastKnownFileType = sourcecode.swift; path = AppDelegate.swift; sourceTree = "<group>"; };
		FC489AF7249E05C500E4245C /* SceneDelegate.swift */ = {isa = PBXFileReference; lastKnownFileType = sourcecode.swift; path = SceneDelegate.swift; sourceTree = "<group>"; };
		FC489AF9249E05C500E4245C /* UpcomingWeekForecastViewController.swift */ = {isa = PBXFileReference; lastKnownFileType = sourcecode.swift; name = UpcomingWeekForecastViewController.swift; path = ../../UpcomingWeekForecastViewController.swift; sourceTree = "<group>"; };
		FC489AFC249E05C500E4245C /* Base */ = {isa = PBXFileReference; lastKnownFileType = file.storyboard; name = Base; path = Base.lproj/Main.storyboard; sourceTree = "<group>"; };
		FC489AFE249E05C600E4245C /* Assets.xcassets */ = {isa = PBXFileReference; lastKnownFileType = folder.assetcatalog; path = Assets.xcassets; sourceTree = "<group>"; };
		FC489B01249E05C600E4245C /* Base */ = {isa = PBXFileReference; lastKnownFileType = file.storyboard; name = Base; path = Base.lproj/LaunchScreen.storyboard; sourceTree = "<group>"; };
		FC489B03249E05C600E4245C /* Info.plist */ = {isa = PBXFileReference; lastKnownFileType = text.plist.xml; path = Info.plist; sourceTree = "<group>"; };
		FC489B08249E05C600E4245C /* OpenWeatherNABTests.xctest */ = {isa = PBXFileReference; explicitFileType = wrapper.cfbundle; includeInIndex = 0; path = OpenWeatherNABTests.xctest; sourceTree = BUILT_PRODUCTS_DIR; };
		FC489B0E249E05C600E4245C /* Info.plist */ = {isa = PBXFileReference; lastKnownFileType = text.plist.xml; path = Info.plist; sourceTree = "<group>"; };
		FC489B18249E064F00E4245C /* Application.swift */ = {isa = PBXFileReference; lastKnownFileType = sourcecode.swift; path = Application.swift; sourceTree = "<group>"; };
		FC489B1D249E0E9D00E4245C /* UpcommingWeekForecastTableViewCell.swift */ = {isa = PBXFileReference; lastKnownFileType = sourcecode.swift; path = UpcommingWeekForecastTableViewCell.swift; sourceTree = "<group>"; };
		FCAE01AC24A38B27007CB867 /* Cache.swift */ = {isa = PBXFileReference; lastKnownFileType = sourcecode.swift; path = Cache.swift; sourceTree = "<group>"; };
		FCD1617C24A2AC9100357D63 /* ApiError.swift */ = {isa = PBXFileReference; lastKnownFileType = sourcecode.swift; path = ApiError.swift; sourceTree = "<group>"; };
		FCD1617E24A2B70D00357D63 /* ForecastItemModelTests.swift */ = {isa = PBXFileReference; lastKnownFileType = sourcecode.swift; path = ForecastItemModelTests.swift; sourceTree = "<group>"; };
		FE51EE0FD8A2E6F345689AD8 /* Pods-OpenWeatherNAB.release.xcconfig */ = {isa = PBXFileReference; includeInIndex = 1; lastKnownFileType = text.xcconfig; name = "Pods-OpenWeatherNAB.release.xcconfig"; path = "Target Support Files/Pods-OpenWeatherNAB/Pods-OpenWeatherNAB.release.xcconfig"; sourceTree = "<group>"; };
/* End PBXFileReference section */

/* Begin PBXFrameworksBuildPhase section */
		FC489AEF249E05C500E4245C /* Frameworks */ = {
			isa = PBXFrameworksBuildPhase;
			buildActionMask = 2147483647;
			files = (
				70D51FC59FE3BC3D50EC4A15 /* Pods_OpenWeatherNAB.framework in Frameworks */,
			);
			runOnlyForDeploymentPostprocessing = 0;
		};
		FC489B05249E05C600E4245C /* Frameworks */ = {
			isa = PBXFrameworksBuildPhase;
			buildActionMask = 2147483647;
			files = (
				FF0FB9AE59B472596A6B2C86 /* Pods_OpenWeatherNABTests.framework in Frameworks */,
			);
			runOnlyForDeploymentPostprocessing = 0;
		};
/* End PBXFrameworksBuildPhase section */

/* Begin PBXGroup section */
		1D59DE3F55EE9D2A0BE7E0FA /* Frameworks */ = {
			isa = PBXGroup;
			children = (
				3B9658662F6727C58B807ABD /* Pods_OpenWeatherNAB.framework */,
				945D5C64FF1417F0A58B821C /* Pods_OpenWeatherNABTests.framework */,
			);
			name = Frameworks;
			sourceTree = "<group>";
		};
		1F20D9166DB271007CC4B1D1 /* Pods */ = {
			isa = PBXGroup;
			children = (
				8FC4D922E5E4DF5ADFF7CC13 /* Pods-OpenWeatherNAB.debug.xcconfig */,
				FE51EE0FD8A2E6F345689AD8 /* Pods-OpenWeatherNAB.release.xcconfig */,
				6C04FEF2DF89DDDAA8EAF03E /* Pods-OpenWeatherNABTests.debug.xcconfig */,
				FC356EB1C27CBBCD9E1AFA12 /* Pods-OpenWeatherNABTests.release.xcconfig */,
				27130E1DB9EE954DF7C1D722 /* Pods-OpenWeatherNAB-OpenWeatherNABTests.debug.xcconfig */,
				B0E9066AFB49D8EC74CCF6E0 /* Pods-OpenWeatherNAB-OpenWeatherNABTests.release.xcconfig */,
			);
			path = Pods;
			sourceTree = "<group>";
		};
		FC128F7C24A0AE5700B0CEF7 /* Navigator */ = {
			isa = PBXGroup;
			children = (
				FC3BB8B7249E89CD00EDEC94 /* UpcomingWeekForecastNavigator.swift */,
			);
			path = Navigator;
			sourceTree = "<group>";
		};
		FC3BB895249E53A700EDEC94 /* NetworkPlatform */ = {
			isa = PBXGroup;
			children = (
				FCAE01AB24A38B11007CB867 /* Cache */,
				FCD1617B24A2AC7600357D63 /* APIError */,
				FC3BB8C1249FAD1E00EDEC94 /* Model */,
				FC3BB8A5249E5E2D00EDEC94 /* UseCases */,
				FC3BB8A2249E59CA00EDEC94 /* Network */,
				FC3BB897249E53D600EDEC94 /* NetworkProvider */,
				FC3BB896249E53B300EDEC94 /* API */,
			);
			path = NetworkPlatform;
			sourceTree = "<group>";
		};
		FC3BB896249E53B300EDEC94 /* API */ = {
			isa = PBXGroup;
			children = (
				FC3BB89A249E545700EDEC94 /* ForecastNetwork.swift */,
			);
			path = API;
			sourceTree = "<group>";
		};
		FC3BB897249E53D600EDEC94 /* NetworkProvider */ = {
			isa = PBXGroup;
			children = (
				FC3BB898249E53E800EDEC94 /* NetworkProvider.swift */,
			);
			path = NetworkProvider;
			sourceTree = "<group>";
		};
		FC3BB89C249E56FC00EDEC94 /* Domain */ = {
			isa = PBXGroup;
			children = (
				FC3BB8A8249E5EA600EDEC94 /* Usecases */,
				FC3BB89D249E570400EDEC94 /* Entities */,
			);
			path = Domain;
			sourceTree = "<group>";
		};
		FC3BB89D249E570400EDEC94 /* Entities */ = {
			isa = PBXGroup;
			children = (
				FC3BB8C4249FADA000EDEC94 /* Forecast.swift */,
			);
			path = Entities;
			sourceTree = "<group>";
		};
		FC3BB8A2249E59CA00EDEC94 /* Network */ = {
			isa = PBXGroup;
			children = (
				FC3BB8A3249E59D300EDEC94 /* Network.swift */,
			);
			path = Network;
			sourceTree = "<group>";
		};
		FC3BB8A5249E5E2D00EDEC94 /* UseCases */ = {
			isa = PBXGroup;
			children = (
				FC3BB8A6249E5E5000EDEC94 /* NetworkUseCaseProvider.swift */,
				FC3BB8AB249E614200EDEC94 /* NetworkForecastUseCase.swift */,
			);
			path = UseCases;
			sourceTree = "<group>";
		};
		FC3BB8A8249E5EA600EDEC94 /* Usecases */ = {
			isa = PBXGroup;
			children = (
				FC3BB8A9249E5EC300EDEC94 /* ForecastUseCase.swift */,
				FC3BB8B5249E701C00EDEC94 /* UseCaseProvider.swift */,
			);
			path = Usecases;
			sourceTree = "<group>";
		};
		FC3BB8AD249E63F700EDEC94 /* Common */ = {
			isa = PBXGroup;
			children = (
				FC3BB8AE249E63FF00EDEC94 /* ViewModelType.swift */,
			);
			path = Common;
			sourceTree = "<group>";
		};
		FC3BB8B2249E6A5D00EDEC94 /* Utility */ = {
			isa = PBXGroup;
			children = (
				FC3BB8B3249E6A7600EDEC94 /* Observable+Ext.swift */,
			);
			path = Utility;
			sourceTree = "<group>";
		};
		FC3BB8C1249FAD1E00EDEC94 /* Model */ = {
			isa = PBXGroup;
			children = (
				FC3BB8C2249FAD3E00EDEC94 /* WeekForecastData.swift */,
			);
			path = Model;
			sourceTree = "<group>";
		};
		FC489AE9249E05C500E4245C = {
			isa = PBXGroup;
			children = (
				FC489AF4249E05C500E4245C /* OpenWeatherNAB */,
				FC489B0B249E05C600E4245C /* OpenWeatherNABTests */,
				FC489AF3249E05C500E4245C /* Products */,
				1F20D9166DB271007CC4B1D1 /* Pods */,
				1D59DE3F55EE9D2A0BE7E0FA /* Frameworks */,
			);
			sourceTree = "<group>";
		};
		FC489AF3249E05C500E4245C /* Products */ = {
			isa = PBXGroup;
			children = (
				FC489AF2249E05C500E4245C /* OpenWeatherNAB.app */,
				FC489B08249E05C600E4245C /* OpenWeatherNABTests.xctest */,
			);
			name = Products;
			sourceTree = "<group>";
		};
		FC489AF4249E05C500E4245C /* OpenWeatherNAB */ = {
			isa = PBXGroup;
			children = (
				FC3BB8B2249E6A5D00EDEC94 /* Utility */,
				FC3BB8AD249E63F700EDEC94 /* Common */,
				FC489B1A249E0E6500E4245C /* Presentation */,
				FC489B17249E062F00E4245C /* Application */,
				FC3BB895249E53A700EDEC94 /* NetworkPlatform */,
				FC3BB89C249E56FC00EDEC94 /* Domain */,
				FC489AF5249E05C500E4245C /* AppDelegate.swift */,
				FC489AF7249E05C500E4245C /* SceneDelegate.swift */,
				FC489AFB249E05C500E4245C /* Main.storyboard */,
				FC489AFE249E05C600E4245C /* Assets.xcassets */,
				FC489B00249E05C600E4245C /* LaunchScreen.storyboard */,
				FC489B03249E05C600E4245C /* Info.plist */,
			);
			path = OpenWeatherNAB;
			sourceTree = "<group>";
		};
		FC489B0B249E05C600E4245C /* OpenWeatherNABTests */ = {
			isa = PBXGroup;
			children = (
				FC128F7D24A0B5D500B0CEF7 /* UpcomingWeekForecastTests.swift */,
				FCD1617E24A2B70D00357D63 /* ForecastItemModelTests.swift */,
				FC489B0E249E05C600E4245C /* Info.plist */,
			);
			path = OpenWeatherNABTests;
			sourceTree = "<group>";
		};
		FC489B17249E062F00E4245C /* Application */ = {
			isa = PBXGroup;
			children = (
				FC489B18249E064F00E4245C /* Application.swift */,
			);
			path = Application;
			sourceTree = "<group>";
		};
		FC489B1A249E0E6500E4245C /* Presentation */ = {
			isa = PBXGroup;
			children = (
				FC489B1B249E0E7D00E4245C /* UpcommingWeekForecast */,
			);
			path = Presentation;
			sourceTree = "<group>";
		};
		FC489B1B249E0E7D00E4245C /* UpcommingWeekForecast */ = {
			isa = PBXGroup;
			children = (
				FC128F7C24A0AE5700B0CEF7 /* Navigator */,
				FC489B1C249E0E8700E4245C /* Cell */,
				FC489AF9249E05C500E4245C /* UpcomingWeekForecastViewController.swift */,
				FC3BB8B0249E64FC00EDEC94 /* UpcomingWeekForecastViewModel.swift */,
				FC3BB8B9249EB2A800EDEC94 /* ForecastItemModel.swift */,
			);
			path = UpcommingWeekForecast;
			sourceTree = "<group>";
		};
		FC489B1C249E0E8700E4245C /* Cell */ = {
			isa = PBXGroup;
			children = (
				FC489B1D249E0E9D00E4245C /* UpcommingWeekForecastTableViewCell.swift */,
			);
			path = Cell;
			sourceTree = "<group>";
		};
		FCAE01AB24A38B11007CB867 /* Cache */ = {
			isa = PBXGroup;
			children = (
				FCAE01AC24A38B27007CB867 /* Cache.swift */,
			);
			path = Cache;
			sourceTree = "<group>";
		};
		FCD1617B24A2AC7600357D63 /* APIError */ = {
			isa = PBXGroup;
			children = (
				FCD1617C24A2AC9100357D63 /* ApiError.swift */,
			);
			path = APIError;
			sourceTree = "<group>";
		};
/* End PBXGroup section */

/* Begin PBXNativeTarget section */
		FC489AF1249E05C500E4245C /* OpenWeatherNAB */ = {
			isa = PBXNativeTarget;
			buildConfigurationList = FC489B11249E05C600E4245C /* Build configuration list for PBXNativeTarget "OpenWeatherNAB" */;
			buildPhases = (
				3AF6840761B7A36DA9233957 /* [CP] Check Pods Manifest.lock */,
				FC489AEE249E05C500E4245C /* Sources */,
				FC489AEF249E05C500E4245C /* Frameworks */,
				FC489AF0249E05C500E4245C /* Resources */,
				A82F7C806C03915CA37FD240 /* [CP] Embed Pods Frameworks */,
			);
			buildRules = (
			);
			dependencies = (
			);
			name = OpenWeatherNAB;
			productName = OpenWeatherNAB;
			productReference = FC489AF2249E05C500E4245C /* OpenWeatherNAB.app */;
			productType = "com.apple.product-type.application";
		};
		FC489B07249E05C600E4245C /* OpenWeatherNABTests */ = {
			isa = PBXNativeTarget;
			buildConfigurationList = FC489B14249E05C600E4245C /* Build configuration list for PBXNativeTarget "OpenWeatherNABTests" */;
			buildPhases = (
				9A25BD6B51DAD25CF8042D67 /* [CP] Check Pods Manifest.lock */,
				FC489B04249E05C600E4245C /* Sources */,
				FC489B05249E05C600E4245C /* Frameworks */,
				FC489B06249E05C600E4245C /* Resources */,
				109330D17B1E931840BBC692 /* [CP] Embed Pods Frameworks */,
			);
			buildRules = (
			);
			dependencies = (
				FC489B0A249E05C600E4245C /* PBXTargetDependency */,
			);
			name = OpenWeatherNABTests;
			productName = OpenWeatherNABTests;
			productReference = FC489B08249E05C600E4245C /* OpenWeatherNABTests.xctest */;
			productType = "com.apple.product-type.bundle.unit-test";
		};
/* End PBXNativeTarget section */

/* Begin PBXProject section */
		FC489AEA249E05C500E4245C /* Project object */ = {
			isa = PBXProject;
			attributes = {
				LastSwiftUpdateCheck = 1150;
				LastUpgradeCheck = 1150;
				ORGANIZATIONNAME = "Luong Nghia";
				TargetAttributes = {
					FC489AF1249E05C500E4245C = {
						CreatedOnToolsVersion = 11.5;
					};
					FC489B07249E05C600E4245C = {
						CreatedOnToolsVersion = 11.5;
						TestTargetID = FC489AF1249E05C500E4245C;
					};
				};
			};
			buildConfigurationList = FC489AED249E05C500E4245C /* Build configuration list for PBXProject "OpenWeatherNAB" */;
			compatibilityVersion = "Xcode 9.3";
			developmentRegion = en;
			hasScannedForEncodings = 0;
			knownRegions = (
				en,
				Base,
			);
			mainGroup = FC489AE9249E05C500E4245C;
			productRefGroup = FC489AF3249E05C500E4245C /* Products */;
			projectDirPath = "";
			projectRoot = "";
			targets = (
				FC489AF1249E05C500E4245C /* OpenWeatherNAB */,
				FC489B07249E05C600E4245C /* OpenWeatherNABTests */,
			);
		};
/* End PBXProject section */

/* Begin PBXResourcesBuildPhase section */
		FC489AF0249E05C500E4245C /* Resources */ = {
			isa = PBXResourcesBuildPhase;
			buildActionMask = 2147483647;
			files = (
				FC489B02249E05C600E4245C /* LaunchScreen.storyboard in Resources */,
				FC489AFF249E05C600E4245C /* Assets.xcassets in Resources */,
				FC489AFD249E05C500E4245C /* Main.storyboard in Resources */,
			);
			runOnlyForDeploymentPostprocessing = 0;
		};
		FC489B06249E05C600E4245C /* Resources */ = {
			isa = PBXResourcesBuildPhase;
			buildActionMask = 2147483647;
			files = (
			);
			runOnlyForDeploymentPostprocessing = 0;
		};
/* End PBXResourcesBuildPhase section */

/* Begin PBXShellScriptBuildPhase section */
		109330D17B1E931840BBC692 /* [CP] Embed Pods Frameworks */ = {
			isa = PBXShellScriptBuildPhase;
			buildActionMask = 2147483647;
			files = (
			);
			inputFileListPaths = (
				"${PODS_ROOT}/Target Support Files/Pods-OpenWeatherNABTests/Pods-OpenWeatherNABTests-frameworks-${CONFIGURATION}-input-files.xcfilelist",
			);
			name = "[CP] Embed Pods Frameworks";
			outputFileListPaths = (
				"${PODS_ROOT}/Target Support Files/Pods-OpenWeatherNABTests/Pods-OpenWeatherNABTests-frameworks-${CONFIGURATION}-output-files.xcfilelist",
			);
			runOnlyForDeploymentPostprocessing = 0;
			shellPath = /bin/sh;
			shellScript = "\"${PODS_ROOT}/Target Support Files/Pods-OpenWeatherNABTests/Pods-OpenWeatherNABTests-frameworks.sh\"\n";
			showEnvVarsInLog = 0;
		};
		3AF6840761B7A36DA9233957 /* [CP] Check Pods Manifest.lock */ = {
			isa = PBXShellScriptBuildPhase;
			buildActionMask = 2147483647;
			files = (
			);
			inputFileListPaths = (
			);
			inputPaths = (
				"${PODS_PODFILE_DIR_PATH}/Podfile.lock",
				"${PODS_ROOT}/Manifest.lock",
			);
			name = "[CP] Check Pods Manifest.lock";
			outputFileListPaths = (
			);
			outputPaths = (
				"$(DERIVED_FILE_DIR)/Pods-OpenWeatherNAB-checkManifestLockResult.txt",
			);
			runOnlyForDeploymentPostprocessing = 0;
			shellPath = /bin/sh;
			shellScript = "diff \"${PODS_PODFILE_DIR_PATH}/Podfile.lock\" \"${PODS_ROOT}/Manifest.lock\" > /dev/null\nif [ $? != 0 ] ; then\n    # print error to STDERR\n    echo \"error: The sandbox is not in sync with the Podfile.lock. Run 'pod install' or update your CocoaPods installation.\" >&2\n    exit 1\nfi\n# This output is used by Xcode 'outputs' to avoid re-running this script phase.\necho \"SUCCESS\" > \"${SCRIPT_OUTPUT_FILE_0}\"\n";
			showEnvVarsInLog = 0;
		};
		9A25BD6B51DAD25CF8042D67 /* [CP] Check Pods Manifest.lock */ = {
			isa = PBXShellScriptBuildPhase;
			buildActionMask = 2147483647;
			files = (
			);
			inputFileListPaths = (
			);
			inputPaths = (
				"${PODS_PODFILE_DIR_PATH}/Podfile.lock",
				"${PODS_ROOT}/Manifest.lock",
			);
			name = "[CP] Check Pods Manifest.lock";
			outputFileListPaths = (
			);
			outputPaths = (
				"$(DERIVED_FILE_DIR)/Pods-OpenWeatherNABTests-checkManifestLockResult.txt",
			);
			runOnlyForDeploymentPostprocessing = 0;
			shellPath = /bin/sh;
			shellScript = "diff \"${PODS_PODFILE_DIR_PATH}/Podfile.lock\" \"${PODS_ROOT}/Manifest.lock\" > /dev/null\nif [ $? != 0 ] ; then\n    # print error to STDERR\n    echo \"error: The sandbox is not in sync with the Podfile.lock. Run 'pod install' or update your CocoaPods installation.\" >&2\n    exit 1\nfi\n# This output is used by Xcode 'outputs' to avoid re-running this script phase.\necho \"SUCCESS\" > \"${SCRIPT_OUTPUT_FILE_0}\"\n";
			showEnvVarsInLog = 0;
		};
		A82F7C806C03915CA37FD240 /* [CP] Embed Pods Frameworks */ = {
			isa = PBXShellScriptBuildPhase;
			buildActionMask = 2147483647;
			files = (
			);
			inputFileListPaths = (
				"${PODS_ROOT}/Target Support Files/Pods-OpenWeatherNAB/Pods-OpenWeatherNAB-frameworks-${CONFIGURATION}-input-files.xcfilelist",
			);
			name = "[CP] Embed Pods Frameworks";
			outputFileListPaths = (
				"${PODS_ROOT}/Target Support Files/Pods-OpenWeatherNAB/Pods-OpenWeatherNAB-frameworks-${CONFIGURATION}-output-files.xcfilelist",
			);
			runOnlyForDeploymentPostprocessing = 0;
			shellPath = /bin/sh;
			shellScript = "\"${PODS_ROOT}/Target Support Files/Pods-OpenWeatherNAB/Pods-OpenWeatherNAB-frameworks.sh\"\n";
			showEnvVarsInLog = 0;
		};
/* End PBXShellScriptBuildPhase section */

/* Begin PBXSourcesBuildPhase section */
		FC489AEE249E05C500E4245C /* Sources */ = {
			isa = PBXSourcesBuildPhase;
			buildActionMask = 2147483647;
			files = (
				FC3BB8B4249E6A7600EDEC94 /* Observable+Ext.swift in Sources */,
				FC489B19249E064F00E4245C /* Application.swift in Sources */,
				FC489AFA249E05C500E4245C /* UpcomingWeekForecastViewController.swift in Sources */,
				FC3BB8B6249E701C00EDEC94 /* UseCaseProvider.swift in Sources */,
				FC3BB8A7249E5E5000EDEC94 /* NetworkUseCaseProvider.swift in Sources */,
				FC3BB8AA249E5EC300EDEC94 /* ForecastUseCase.swift in Sources */,
				FC3BB8AC249E614200EDEC94 /* NetworkForecastUseCase.swift in Sources */,
				FCAE01AD24A38B27007CB867 /* Cache.swift in Sources */,
				FC3BB8B8249E89CD00EDEC94 /* UpcomingWeekForecastNavigator.swift in Sources */,
				FC3BB8BA249EB2A800EDEC94 /* ForecastItemModel.swift in Sources */,
				FC3BB8AF249E63FF00EDEC94 /* ViewModelType.swift in Sources */,
				FC489AF6249E05C500E4245C /* AppDelegate.swift in Sources */,
				FC3BB89B249E545700EDEC94 /* ForecastNetwork.swift in Sources */,
				FC3BB8B1249E64FC00EDEC94 /* UpcomingWeekForecastViewModel.swift in Sources */,
				FCD1617D24A2AC9100357D63 /* ApiError.swift in Sources */,
				FC489AF8249E05C500E4245C /* SceneDelegate.swift in Sources */,
				FC489B1E249E0E9D00E4245C /* UpcommingWeekForecastTableViewCell.swift in Sources */,
				FC3BB8A4249E59D300EDEC94 /* Network.swift in Sources */,
				FC3BB8C3249FAD3E00EDEC94 /* WeekForecastData.swift in Sources */,
				FC3BB8C5249FADA000EDEC94 /* Forecast.swift in Sources */,
				FC3BB899249E53E800EDEC94 /* NetworkProvider.swift in Sources */,
			);
			runOnlyForDeploymentPostprocessing = 0;
		};
		FC489B04249E05C600E4245C /* Sources */ = {
			isa = PBXSourcesBuildPhase;
			buildActionMask = 2147483647;
			files = (
				FC128F7E24A0B5D500B0CEF7 /* UpcomingWeekForecastTests.swift in Sources */,
				FCD1617F24A2B70D00357D63 /* ForecastItemModelTests.swift in Sources */,
			);
			runOnlyForDeploymentPostprocessing = 0;
		};
/* End PBXSourcesBuildPhase section */

/* Begin PBXTargetDependency section */
		FC489B0A249E05C600E4245C /* PBXTargetDependency */ = {
			isa = PBXTargetDependency;
			target = FC489AF1249E05C500E4245C /* OpenWeatherNAB */;
			targetProxy = FC489B09249E05C600E4245C /* PBXContainerItemProxy */;
		};
/* End PBXTargetDependency section */

/* Begin PBXVariantGroup section */
		FC489AFB249E05C500E4245C /* Main.storyboard */ = {
			isa = PBXVariantGroup;
			children = (
				FC489AFC249E05C500E4245C /* Base */,
			);
			name = Main.storyboard;
			sourceTree = "<group>";
		};
		FC489B00249E05C600E4245C /* LaunchScreen.storyboard */ = {
			isa = PBXVariantGroup;
			children = (
				FC489B01249E05C600E4245C /* Base */,
			);
			name = LaunchScreen.storyboard;
			sourceTree = "<group>";
		};
/* End PBXVariantGroup section */

/* Begin XCBuildConfiguration section */
		FC489B0F249E05C600E4245C /* Debug */ = {
			isa = XCBuildConfiguration;
			buildSettings = {
				ALWAYS_SEARCH_USER_PATHS = NO;
				CLANG_ANALYZER_NONNULL = YES;
				CLANG_ANALYZER_NUMBER_OBJECT_CONVERSION = YES_AGGRESSIVE;
				CLANG_CXX_LANGUAGE_STANDARD = "gnu++14";
				CLANG_CXX_LIBRARY = "libc++";
				CLANG_ENABLE_MODULES = YES;
				CLANG_ENABLE_OBJC_ARC = YES;
				CLANG_ENABLE_OBJC_WEAK = YES;
				CLANG_WARN_BLOCK_CAPTURE_AUTORELEASING = YES;
				CLANG_WARN_BOOL_CONVERSION = YES;
				CLANG_WARN_COMMA = YES;
				CLANG_WARN_CONSTANT_CONVERSION = YES;
				CLANG_WARN_DEPRECATED_OBJC_IMPLEMENTATIONS = YES;
				CLANG_WARN_DIRECT_OBJC_ISA_USAGE = YES_ERROR;
				CLANG_WARN_DOCUMENTATION_COMMENTS = YES;
				CLANG_WARN_EMPTY_BODY = YES;
				CLANG_WARN_ENUM_CONVERSION = YES;
				CLANG_WARN_INFINITE_RECURSION = YES;
				CLANG_WARN_INT_CONVERSION = YES;
				CLANG_WARN_NON_LITERAL_NULL_CONVERSION = YES;
				CLANG_WARN_OBJC_IMPLICIT_RETAIN_SELF = YES;
				CLANG_WARN_OBJC_LITERAL_CONVERSION = YES;
				CLANG_WARN_OBJC_ROOT_CLASS = YES_ERROR;
				CLANG_WARN_RANGE_LOOP_ANALYSIS = YES;
				CLANG_WARN_STRICT_PROTOTYPES = YES;
				CLANG_WARN_SUSPICIOUS_MOVE = YES;
				CLANG_WARN_UNGUARDED_AVAILABILITY = YES_AGGRESSIVE;
				CLANG_WARN_UNREACHABLE_CODE = YES;
				CLANG_WARN__DUPLICATE_METHOD_MATCH = YES;
				COPY_PHASE_STRIP = NO;
				DEBUG_INFORMATION_FORMAT = dwarf;
				ENABLE_STRICT_OBJC_MSGSEND = YES;
				ENABLE_TESTABILITY = YES;
				GCC_C_LANGUAGE_STANDARD = gnu11;
				GCC_DYNAMIC_NO_PIC = NO;
				GCC_NO_COMMON_BLOCKS = YES;
				GCC_OPTIMIZATION_LEVEL = 0;
				GCC_PREPROCESSOR_DEFINITIONS = (
					"DEBUG=1",
					"$(inherited)",
				);
				GCC_WARN_64_TO_32_BIT_CONVERSION = YES;
				GCC_WARN_ABOUT_RETURN_TYPE = YES_ERROR;
				GCC_WARN_UNDECLARED_SELECTOR = YES;
				GCC_WARN_UNINITIALIZED_AUTOS = YES_AGGRESSIVE;
				GCC_WARN_UNUSED_FUNCTION = YES;
				GCC_WARN_UNUSED_VARIABLE = YES;
				IPHONEOS_DEPLOYMENT_TARGET = 13.5;
				MTL_ENABLE_DEBUG_INFO = INCLUDE_SOURCE;
				MTL_FAST_MATH = YES;
				ONLY_ACTIVE_ARCH = YES;
				SDKROOT = iphoneos;
				SWIFT_ACTIVE_COMPILATION_CONDITIONS = DEBUG;
				SWIFT_OPTIMIZATION_LEVEL = "-Onone";
			};
			name = Debug;
		};
		FC489B10249E05C600E4245C /* Release */ = {
			isa = XCBuildConfiguration;
			buildSettings = {
				ALWAYS_SEARCH_USER_PATHS = NO;
				CLANG_ANALYZER_NONNULL = YES;
				CLANG_ANALYZER_NUMBER_OBJECT_CONVERSION = YES_AGGRESSIVE;
				CLANG_CXX_LANGUAGE_STANDARD = "gnu++14";
				CLANG_CXX_LIBRARY = "libc++";
				CLANG_ENABLE_MODULES = YES;
				CLANG_ENABLE_OBJC_ARC = YES;
				CLANG_ENABLE_OBJC_WEAK = YES;
				CLANG_WARN_BLOCK_CAPTURE_AUTORELEASING = YES;
				CLANG_WARN_BOOL_CONVERSION = YES;
				CLANG_WARN_COMMA = YES;
				CLANG_WARN_CONSTANT_CONVERSION = YES;
				CLANG_WARN_DEPRECATED_OBJC_IMPLEMENTATIONS = YES;
				CLANG_WARN_DIRECT_OBJC_ISA_USAGE = YES_ERROR;
				CLANG_WARN_DOCUMENTATION_COMMENTS = YES;
				CLANG_WARN_EMPTY_BODY = YES;
				CLANG_WARN_ENUM_CONVERSION = YES;
				CLANG_WARN_INFINITE_RECURSION = YES;
				CLANG_WARN_INT_CONVERSION = YES;
				CLANG_WARN_NON_LITERAL_NULL_CONVERSION = YES;
				CLANG_WARN_OBJC_IMPLICIT_RETAIN_SELF = YES;
				CLANG_WARN_OBJC_LITERAL_CONVERSION = YES;
				CLANG_WARN_OBJC_ROOT_CLASS = YES_ERROR;
				CLANG_WARN_RANGE_LOOP_ANALYSIS = YES;
				CLANG_WARN_STRICT_PROTOTYPES = YES;
				CLANG_WARN_SUSPICIOUS_MOVE = YES;
				CLANG_WARN_UNGUARDED_AVAILABILITY = YES_AGGRESSIVE;
				CLANG_WARN_UNREACHABLE_CODE = YES;
				CLANG_WARN__DUPLICATE_METHOD_MATCH = YES;
				COPY_PHASE_STRIP = NO;
				DEBUG_INFORMATION_FORMAT = "dwarf-with-dsym";
				ENABLE_NS_ASSERTIONS = NO;
				ENABLE_STRICT_OBJC_MSGSEND = YES;
				GCC_C_LANGUAGE_STANDARD = gnu11;
				GCC_NO_COMMON_BLOCKS = YES;
				GCC_WARN_64_TO_32_BIT_CONVERSION = YES;
				GCC_WARN_ABOUT_RETURN_TYPE = YES_ERROR;
				GCC_WARN_UNDECLARED_SELECTOR = YES;
				GCC_WARN_UNINITIALIZED_AUTOS = YES_AGGRESSIVE;
				GCC_WARN_UNUSED_FUNCTION = YES;
				GCC_WARN_UNUSED_VARIABLE = YES;
				IPHONEOS_DEPLOYMENT_TARGET = 13.5;
				MTL_ENABLE_DEBUG_INFO = NO;
				MTL_FAST_MATH = YES;
				SDKROOT = iphoneos;
				SWIFT_COMPILATION_MODE = wholemodule;
				SWIFT_OPTIMIZATION_LEVEL = "-O";
				VALIDATE_PRODUCT = YES;
			};
			name = Release;
		};
		FC489B12249E05C600E4245C /* Debug */ = {
			isa = XCBuildConfiguration;
			baseConfigurationReference = 8FC4D922E5E4DF5ADFF7CC13 /* Pods-OpenWeatherNAB.debug.xcconfig */;
			buildSettings = {
				ASSETCATALOG_COMPILER_APPICON_NAME = AppIcon;
				CODE_SIGN_STYLE = Automatic;
				INFOPLIST_FILE = OpenWeatherNAB/Info.plist;
				LD_RUNPATH_SEARCH_PATHS = (
					"$(inherited)",
					"@executable_path/Frameworks",
				);
				PRODUCT_BUNDLE_IDENTIFIER = nghialuong.OpenWeatherNAB;
				PRODUCT_NAME = "$(TARGET_NAME)";
				SWIFT_VERSION = 5.0;
				TARGETED_DEVICE_FAMILY = "1,2";
			};
			name = Debug;
		};
		FC489B13249E05C600E4245C /* Release */ = {
			isa = XCBuildConfiguration;
			baseConfigurationReference = FE51EE0FD8A2E6F345689AD8 /* Pods-OpenWeatherNAB.release.xcconfig */;
			buildSettings = {
				ASSETCATALOG_COMPILER_APPICON_NAME = AppIcon;
				CODE_SIGN_STYLE = Automatic;
				INFOPLIST_FILE = OpenWeatherNAB/Info.plist;
				LD_RUNPATH_SEARCH_PATHS = (
					"$(inherited)",
					"@executable_path/Frameworks",
				);
				PRODUCT_BUNDLE_IDENTIFIER = nghialuong.OpenWeatherNAB;
				PRODUCT_NAME = "$(TARGET_NAME)";
				SWIFT_VERSION = 5.0;
				TARGETED_DEVICE_FAMILY = "1,2";
			};
			name = Release;
		};
		FC489B15249E05C600E4245C /* Debug */ = {
			isa = XCBuildConfiguration;
			baseConfigurationReference = 6C04FEF2DF89DDDAA8EAF03E /* Pods-OpenWeatherNABTests.debug.xcconfig */;
			buildSettings = {
				ALWAYS_EMBED_SWIFT_STANDARD_LIBRARIES = YES;
				BUNDLE_LOADER = "$(TEST_HOST)";
				CODE_SIGN_STYLE = Automatic;
				INFOPLIST_FILE = OpenWeatherNABTests/Info.plist;
				IPHONEOS_DEPLOYMENT_TARGET = 13.5;
				LD_RUNPATH_SEARCH_PATHS = (
					"$(inherited)",
					"@executable_path/Frameworks",
					"@loader_path/Frameworks",
				);
				PRODUCT_BUNDLE_IDENTIFIER = nghialuong.OpenWeatherNABTests;
				PRODUCT_NAME = "$(TARGET_NAME)";
				SWIFT_VERSION = 5.0;
				TARGETED_DEVICE_FAMILY = "1,2";
				TEST_HOST = "$(BUILT_PRODUCTS_DIR)/OpenWeatherNAB.app/OpenWeatherNAB";
			};
			name = Debug;
		};
		FC489B16249E05C600E4245C /* Release */ = {
			isa = XCBuildConfiguration;
			baseConfigurationReference = FC356EB1C27CBBCD9E1AFA12 /* Pods-OpenWeatherNABTests.release.xcconfig */;
			buildSettings = {
				ALWAYS_EMBED_SWIFT_STANDARD_LIBRARIES = YES;
				BUNDLE_LOADER = "$(TEST_HOST)";
				CODE_SIGN_STYLE = Automatic;
				INFOPLIST_FILE = OpenWeatherNABTests/Info.plist;
				IPHONEOS_DEPLOYMENT_TARGET = 13.5;
				LD_RUNPATH_SEARCH_PATHS = (
					"$(inherited)",
					"@executable_path/Frameworks",
					"@loader_path/Frameworks",
				);
				PRODUCT_BUNDLE_IDENTIFIER = nghialuong.OpenWeatherNABTests;
				PRODUCT_NAME = "$(TARGET_NAME)";
				SWIFT_VERSION = 5.0;
				TARGETED_DEVICE_FAMILY = "1,2";
				TEST_HOST = "$(BUILT_PRODUCTS_DIR)/OpenWeatherNAB.app/OpenWeatherNAB";
			};
			name = Release;
		};
/* End XCBuildConfiguration section */

/* Begin XCConfigurationList section */
		FC489AED249E05C500E4245C /* Build configuration list for PBXProject "OpenWeatherNAB" */ = {
			isa = XCConfigurationList;
			buildConfigurations = (
				FC489B0F249E05C600E4245C /* Debug */,
				FC489B10249E05C600E4245C /* Release */,
			);
			defaultConfigurationIsVisible = 0;
			defaultConfigurationName = Release;
		};
		FC489B11249E05C600E4245C /* Build configuration list for PBXNativeTarget "OpenWeatherNAB" */ = {
			isa = XCConfigurationList;
			buildConfigurations = (
				FC489B12249E05C600E4245C /* Debug */,
				FC489B13249E05C600E4245C /* Release */,
			);
			defaultConfigurationIsVisible = 0;
			defaultConfigurationName = Release;
		};
		FC489B14249E05C600E4245C /* Build configuration list for PBXNativeTarget "OpenWeatherNABTests" */ = {
			isa = XCConfigurationList;
			buildConfigurations = (
				FC489B15249E05C600E4245C /* Debug */,
				FC489B16249E05C600E4245C /* Release */,
			);
			defaultConfigurationIsVisible = 0;
			defaultConfigurationName = Release;
		};
/* End XCConfigurationList section */
	};
	rootObject = FC489AEA249E05C500E4245C /* Project object */;
}
